
Microsoft Visual Studio Solution File, Format Version 12.00
# Visual Studio Version 17
VisualStudioVersion = 17.12.35728.132
MinimumVisualStudioVersion = 10.0.40219.1
Project("{FAE04EC0-301F-11D3-BF4B-00C04F79EFBC}") = "PcBuilderApi", "PcBuilderApi\PcBuilderApi.csproj", "{593528A2-9308-4B73-9B15-323CB433105D}"
EndProject
Project("{FAE04EC0-301F-11D3-BF4B-00C04F79EFBC}") = "PcBuilder.SharedKernel", "PcBuilder.SharedKernel\PcBuilder.SharedKernel.csproj", "{3B42D8C6-CE4E-479F-B9AB-8E79F0299698}"
EndProject
Project("{FAE04EC0-301F-11D3-BF4B-00C04F79EFBC}") = "PcBuilder.Persistence", "PcBuilder.Persistence\PcBuilder.Persistence.csproj", "{A1CF8724-819F-4BA0-A8BC-BEBDE6E0335F}"
EndProject
Project("{2150E333-8FDC-42A3-9474-1A3956D46DE8}") = "Modules", "Modules", "{CA253913-39DE-BFD0-C9A3-4B7EC6FBDF17}"
EndProject
Project("{2150E333-8FDC-42A3-9474-1A3956D46DE8}") = "Components", "Components", "{60EB86F6-E46B-2218-627B-D44DE1E05EA5}"
EndProject
Project("{FAE04EC0-301F-11D3-BF4B-00C04F79EFBC}") = "Components.Domain", "Modules\Components\Components.Domain\Components.Domain.csproj", "{E895B376-039D-4B7C-8C83-E31A95FB337B}"
EndProject
Project("{2150E333-8FDC-42A3-9474-1A3956D46DE8}") = "Auth", "Auth", "{CEAC0979-DAB2-0E19-81EF-22AE32770578}"
EndProject
Project("{FAE04EC0-301F-11D3-BF4B-00C04F79EFBC}") = "Auth.Domain", "Modules\Auth\Auth.Domain\Auth.Domain.csproj", "{9E5254EA-CC1F-4C29-9630-7F26CCF38569}"
EndProject
Project("{2150E333-8FDC-42A3-9474-1A3956D46DE8}") = "PcBuilds", "PcBuilds", "{150C8571-268C-AFA0-490A-71894773D74D}"
EndProject
Project("{FAE04EC0-301F-11D3-BF4B-00C04F79EFBC}") = "PcBuilds.Domain", "Modules\PcBuilds\PcBuilds.Domain\PcBuilds.Domain.csproj", "{A6A207B7-9021-4ABE-899B-DA6C751A864F}"
EndProject
Project("{FAE04EC0-301F-11D3-BF4B-00C04F79EFBC}") = "Components.Application", "Modules\Components\Components.Application\Components.Application.csproj", "{4A5334AD-EAA5-43AF-8775-F7ACE713DF1D}"
EndProject
Project("{FAE04EC0-301F-11D3-BF4B-00C04F79EFBC}") = "Components.Infrastructure", "Modules\Components\Components.Infrastructure\Components.Infrastructure.csproj", "{9DD81766-7FC1-409E-9940-3ADED6019380}"
EndProject
Project("{FAE04EC0-301F-11D3-BF4B-00C04F79EFBC}") = "Auth.Application", "Modules\Auth\Auth.Application\Auth.Application.csproj", "{7A9E38BB-5673-4771-900A-19E0D532856A}"
EndProject
Project("{FAE04EC0-301F-11D3-BF4B-00C04F79EFBC}") = "Auth.Infrastructure", "Modules\Auth\Auth.Infrastructure\Auth.Infrastructure.csproj", "{6B1FCCAA-066D-4D1B-9502-3A85A3DEC67A}"
EndProject
Project("{FAE04EC0-301F-11D3-BF4B-00C04F79EFBC}") = "PcBuilds.Application", "Modules\PcBuilds\PcBuilds.Application\PcBuilds.Application.csproj", "{6E948202-CEB4-4CBD-B80A-C94D3C63ED3C}"
EndProject
Project("{FAE04EC0-301F-11D3-BF4B-00C04F79EFBC}") = "PcBuilds.Infrastructure", "Modules\PcBuilds\PcBuilds.Infrastructure\PcBuilds.Infrastructure.csproj", "{EF094174-8F69-4F46-B2E6-ED934044C649}"
EndProject
Project("{2150E333-8FDC-42A3-9474-1A3956D46DE8}") = "Scraping", "Scraping", "{6C5CAEB8-3E02-A149-83A7-447BE62A3176}"
EndProject
Project("{FAE04EC0-301F-11D3-BF4B-00C04F79EFBC}") = "Scraping.Application", "Modules\Scraping\Scraping.Application\Scraping.Application.csproj", "{79B1A1C3-0B95-420F-A0E5-1980879D6FDE}"
EndProject
Project("{FAE04EC0-301F-11D3-BF4B-00C04F79EFBC}") = "Scraping.Infrastructure", "Modules\Scraping\Scraping.Infrastructure\Scraping.Infrastructure.csproj", "{32DE0421-DEFA-448C-B1F1-BBA73900C918}"
EndProject
Project("{FAE04EC0-301F-11D3-BF4B-00C04F79EFBC}") = "PcBuilder.Tests", "PcBuilder.Tests\PcBuilder.Tests.csproj", "{55D807E7-D5C0-4B5C-83DD-976B047A2393}"
EndProject
Global
	GlobalSection(SolutionConfigurationPlatforms) = preSolution
		Debug|Any CPU = Debug|Any CPU
		Debug|x64 = Debug|x64
		Debug|x86 = Debug|x86
		Release|Any CPU = Release|Any CPU
		Release|x64 = Release|x64
		Release|x86 = Release|x86
	EndGlobalSection
	GlobalSection(ProjectConfigurationPlatforms) = postSolution
		{593528A2-9308-4B73-9B15-323CB433105D}.Debug|Any CPU.ActiveCfg = Debug|Any CPU
		{593528A2-9308-4B73-9B15-323CB433105D}.Debug|Any CPU.Build.0 = Debug|Any CPU
		{593528A2-9308-4B73-9B15-323CB433105D}.Debug|x64.ActiveCfg = Debug|Any CPU
		{593528A2-9308-4B73-9B15-323CB433105D}.Debug|x64.Build.0 = Debug|Any CPU
		{593528A2-9308-4B73-9B15-323CB433105D}.Debug|x86.ActiveCfg = Debug|Any CPU
		{593528A2-9308-4B73-9B15-323CB433105D}.Debug|x86.Build.0 = Debug|Any CPU
		{593528A2-9308-4B73-9B15-323CB433105D}.Release|Any CPU.ActiveCfg = Release|Any CPU
		{593528A2-9308-4B73-9B15-323CB433105D}.Release|Any CPU.Build.0 = Release|Any CPU
		{593528A2-9308-4B73-9B15-323CB433105D}.Release|x64.ActiveCfg = Release|Any CPU
		{593528A2-9308-4B73-9B15-323CB433105D}.Release|x64.Build.0 = Release|Any CPU
		{593528A2-9308-4B73-9B15-323CB433105D}.Release|x86.ActiveCfg = Release|Any CPU
		{593528A2-9308-4B73-9B15-323CB433105D}.Release|x86.Build.0 = Release|Any CPU
		{3B42D8C6-CE4E-479F-B9AB-8E79F0299698}.Debug|Any CPU.ActiveCfg = Debug|Any CPU
		{3B42D8C6-CE4E-479F-B9AB-8E79F0299698}.Debug|Any CPU.Build.0 = Debug|Any CPU
		{3B42D8C6-CE4E-479F-B9AB-8E79F0299698}.Debug|x64.ActiveCfg = Debug|Any CPU
		{3B42D8C6-CE4E-479F-B9AB-8E79F0299698}.Debug|x64.Build.0 = Debug|Any CPU
		{3B42D8C6-CE4E-479F-B9AB-8E79F0299698}.Debug|x86.ActiveCfg = Debug|Any CPU
		{3B42D8C6-CE4E-479F-B9AB-8E79F0299698}.Debug|x86.Build.0 = Debug|Any CPU
		{3B42D8C6-CE4E-479F-B9AB-8E79F0299698}.Release|Any CPU.ActiveCfg = Release|Any CPU
		{3B42D8C6-CE4E-479F-B9AB-8E79F0299698}.Release|Any CPU.Build.0 = Release|Any CPU
		{3B42D8C6-CE4E-479F-B9AB-8E79F0299698}.Release|x64.ActiveCfg = Release|Any CPU
		{3B42D8C6-CE4E-479F-B9AB-8E79F0299698}.Release|x64.Build.0 = Release|Any CPU
		{3B42D8C6-CE4E-479F-B9AB-8E79F0299698}.Release|x86.ActiveCfg = Release|Any CPU
		{3B42D8C6-CE4E-479F-B9AB-8E79F0299698}.Release|x86.Build.0 = Release|Any CPU
		{A1CF8724-819F-4BA0-A8BC-BEBDE6E0335F}.Debug|Any CPU.ActiveCfg = Debug|Any CPU
		{A1CF8724-819F-4BA0-A8BC-BEBDE6E0335F}.Debug|Any CPU.Build.0 = Debug|Any CPU
		{A1CF8724-819F-4BA0-A8BC-BEBDE6E0335F}.Debug|x64.ActiveCfg = Debug|Any CPU
		{A1CF8724-819F-4BA0-A8BC-BEBDE6E0335F}.Debug|x64.Build.0 = Debug|Any CPU
		{A1CF8724-819F-4BA0-A8BC-BEBDE6E0335F}.Debug|x86.ActiveCfg = Debug|Any CPU
		{A1CF8724-819F-4BA0-A8BC-BEBDE6E0335F}.Debug|x86.Build.0 = Debug|Any CPU
		{A1CF8724-819F-4BA0-A8BC-BEBDE6E0335F}.Release|Any CPU.ActiveCfg = Release|Any CPU
		{A1CF8724-819F-4BA0-A8BC-BEBDE6E0335F}.Release|Any CPU.Build.0 = Release|Any CPU
		{A1CF8724-819F-4BA0-A8BC-BEBDE6E0335F}.Release|x64.ActiveCfg = Release|Any CPU
		{A1CF8724-819F-4BA0-A8BC-BEBDE6E0335F}.Release|x64.Build.0 = Release|Any CPU
		{A1CF8724-819F-4BA0-A8BC-BEBDE6E0335F}.Release|x86.ActiveCfg = Release|Any CPU
		{A1CF8724-819F-4BA0-A8BC-BEBDE6E0335F}.Release|x86.Build.0 = Release|Any CPU
		{E895B376-039D-4B7C-8C83-E31A95FB337B}.Debug|Any CPU.ActiveCfg = Debug|Any CPU
		{E895B376-039D-4B7C-8C83-E31A95FB337B}.Debug|Any CPU.Build.0 = Debug|Any CPU
		{E895B376-039D-4B7C-8C83-E31A95FB337B}.Debug|x64.ActiveCfg = Debug|Any CPU
		{E895B376-039D-4B7C-8C83-E31A95FB337B}.Debug|x64.Build.0 = Debug|Any CPU
		{E895B376-039D-4B7C-8C83-E31A95FB337B}.Debug|x86.ActiveCfg = Debug|Any CPU
		{E895B376-039D-4B7C-8C83-E31A95FB337B}.Debug|x86.Build.0 = Debug|Any CPU
		{E895B376-039D-4B7C-8C83-E31A95FB337B}.Release|Any CPU.ActiveCfg = Release|Any CPU
		{E895B376-039D-4B7C-8C83-E31A95FB337B}.Release|Any CPU.Build.0 = Release|Any CPU
		{E895B376-039D-4B7C-8C83-E31A95FB337B}.Release|x64.ActiveCfg = Release|Any CPU
		{E895B376-039D-4B7C-8C83-E31A95FB337B}.Release|x64.Build.0 = Release|Any CPU
		{E895B376-039D-4B7C-8C83-E31A95FB337B}.Release|x86.ActiveCfg = Release|Any CPU
		{E895B376-039D-4B7C-8C83-E31A95FB337B}.Release|x86.Build.0 = Release|Any CPU
		{9E5254EA-CC1F-4C29-9630-7F26CCF38569}.Debug|Any CPU.ActiveCfg = Debug|Any CPU
		{9E5254EA-CC1F-4C29-9630-7F26CCF38569}.Debug|Any CPU.Build.0 = Debug|Any CPU
		{9E5254EA-CC1F-4C29-9630-7F26CCF38569}.Debug|x64.ActiveCfg = Debug|Any CPU
		{9E5254EA-CC1F-4C29-9630-7F26CCF38569}.Debug|x64.Build.0 = Debug|Any CPU
		{9E5254EA-CC1F-4C29-9630-7F26CCF38569}.Debug|x86.ActiveCfg = Debug|Any CPU
		{9E5254EA-CC1F-4C29-9630-7F26CCF38569}.Debug|x86.Build.0 = Debug|Any CPU
		{9E5254EA-CC1F-4C29-9630-7F26CCF38569}.Release|Any CPU.ActiveCfg = Release|Any CPU
		{9E5254EA-CC1F-4C29-9630-7F26CCF38569}.Release|Any CPU.Build.0 = Release|Any CPU
		{9E5254EA-CC1F-4C29-9630-7F26CCF38569}.Release|x64.ActiveCfg = Release|Any CPU
		{9E5254EA-CC1F-4C29-9630-7F26CCF38569}.Release|x64.Build.0 = Release|Any CPU
		{9E5254EA-CC1F-4C29-9630-7F26CCF38569}.Release|x86.ActiveCfg = Release|Any CPU
		{9E5254EA-CC1F-4C29-9630-7F26CCF38569}.Release|x86.Build.0 = Release|Any CPU
		{A6A207B7-9021-4ABE-899B-DA6C751A864F}.Debug|Any CPU.ActiveCfg = Debug|Any CPU
		{A6A207B7-9021-4ABE-899B-DA6C751A864F}.Debug|Any CPU.Build.0 = Debug|Any CPU
		{A6A207B7-9021-4ABE-899B-DA6C751A864F}.Debug|x64.ActiveCfg = Debug|Any CPU
		{A6A207B7-9021-4ABE-899B-DA6C751A864F}.Debug|x64.Build.0 = Debug|Any CPU
		{A6A207B7-9021-4ABE-899B-DA6C751A864F}.Debug|x86.ActiveCfg = Debug|Any CPU
		{A6A207B7-9021-4ABE-899B-DA6C751A864F}.Debug|x86.Build.0 = Debug|Any CPU
		{A6A207B7-9021-4ABE-899B-DA6C751A864F}.Release|Any CPU.ActiveCfg = Release|Any CPU
		{A6A207B7-9021-4ABE-899B-DA6C751A864F}.Release|Any CPU.Build.0 = Release|Any CPU
		{A6A207B7-9021-4ABE-899B-DA6C751A864F}.Release|x64.ActiveCfg = Release|Any CPU
		{A6A207B7-9021-4ABE-899B-DA6C751A864F}.Release|x64.Build.0 = Release|Any CPU
		{A6A207B7-9021-4ABE-899B-DA6C751A864F}.Release|x86.ActiveCfg = Release|Any CPU
		{A6A207B7-9021-4ABE-899B-DA6C751A864F}.Release|x86.Build.0 = Release|Any CPU
		{4A5334AD-EAA5-43AF-8775-F7ACE713DF1D}.Debug|Any CPU.ActiveCfg = Debug|Any CPU
		{4A5334AD-EAA5-43AF-8775-F7ACE713DF1D}.Debug|Any CPU.Build.0 = Debug|Any CPU
		{4A5334AD-EAA5-43AF-8775-F7ACE713DF1D}.Debug|x64.ActiveCfg = Debug|Any CPU
		{4A5334AD-EAA5-43AF-8775-F7ACE713DF1D}.Debug|x64.Build.0 = Debug|Any CPU
		{4A5334AD-EAA5-43AF-8775-F7ACE713DF1D}.Debug|x86.ActiveCfg = Debug|Any CPU
		{4A5334AD-EAA5-43AF-8775-F7ACE713DF1D}.Debug|x86.Build.0 = Debug|Any CPU
		{4A5334AD-EAA5-43AF-8775-F7ACE713DF1D}.Release|Any CPU.ActiveCfg = Release|Any CPU
		{4A5334AD-EAA5-43AF-8775-F7ACE713DF1D}.Release|Any CPU.Build.0 = Release|Any CPU
		{4A5334AD-EAA5-43AF-8775-F7ACE713DF1D}.Release|x64.ActiveCfg = Release|Any CPU
		{4A5334AD-EAA5-43AF-8775-F7ACE713DF1D}.Release|x64.Build.0 = Release|Any CPU
		{4A5334AD-EAA5-43AF-8775-F7ACE713DF1D}.Release|x86.ActiveCfg = Release|Any CPU
		{4A5334AD-EAA5-43AF-8775-F7ACE713DF1D}.Release|x86.Build.0 = Release|Any CPU
		{9DD81766-7FC1-409E-9940-3ADED6019380}.Debug|Any CPU.ActiveCfg = Debug|Any CPU
		{9DD81766-7FC1-409E-9940-3ADED6019380}.Debug|Any CPU.Build.0 = Debug|Any CPU
		{9DD81766-7FC1-409E-9940-3ADED6019380}.Debug|x64.ActiveCfg = Debug|Any CPU
		{9DD81766-7FC1-409E-9940-3ADED6019380}.Debug|x64.Build.0 = Debug|Any CPU
		{9DD81766-7FC1-409E-9940-3ADED6019380}.Debug|x86.ActiveCfg = Debug|Any CPU
		{9DD81766-7FC1-409E-9940-3ADED6019380}.Debug|x86.Build.0 = Debug|Any CPU
		{9DD81766-7FC1-409E-9940-3ADED6019380}.Release|Any CPU.ActiveCfg = Release|Any CPU
		{9DD81766-7FC1-409E-9940-3ADED6019380}.Release|Any CPU.Build.0 = Release|Any CPU
		{9DD81766-7FC1-409E-9940-3ADED6019380}.Release|x64.ActiveCfg = Release|Any CPU
		{9DD81766-7FC1-409E-9940-3ADED6019380}.Release|x64.Build.0 = Release|Any CPU
		{9DD81766-7FC1-409E-9940-3ADED6019380}.Release|x86.ActiveCfg = Release|Any CPU
		{9DD81766-7FC1-409E-9940-3ADED6019380}.Release|x86.Build.0 = Release|Any CPU
		{7A9E38BB-5673-4771-900A-19E0D532856A}.Debug|Any CPU.ActiveCfg = Debug|Any CPU
		{7A9E38BB-5673-4771-900A-19E0D532856A}.Debug|Any CPU.Build.0 = Debug|Any CPU
		{7A9E38BB-5673-4771-900A-19E0D532856A}.Debug|x64.ActiveCfg = Debug|Any CPU
		{7A9E38BB-5673-4771-900A-19E0D532856A}.Debug|x64.Build.0 = Debug|Any CPU
		{7A9E38BB-5673-4771-900A-19E0D532856A}.Debug|x86.ActiveCfg = Debug|Any CPU
		{7A9E38BB-5673-4771-900A-19E0D532856A}.Debug|x86.Build.0 = Debug|Any CPU
		{7A9E38BB-5673-4771-900A-19E0D532856A}.Release|Any CPU.ActiveCfg = Release|Any CPU
		{7A9E38BB-5673-4771-900A-19E0D532856A}.Release|Any CPU.Build.0 = Release|Any CPU
		{7A9E38BB-5673-4771-900A-19E0D532856A}.Release|x64.ActiveCfg = Release|Any CPU
		{7A9E38BB-5673-4771-900A-19E0D532856A}.Release|x64.Build.0 = Release|Any CPU
		{7A9E38BB-5673-4771-900A-19E0D532856A}.Release|x86.ActiveCfg = Release|Any CPU
		{7A9E38BB-5673-4771-900A-19E0D532856A}.Release|x86.Build.0 = Release|Any CPU
		{6B1FCCAA-066D-4D1B-9502-3A85A3DEC67A}.Debug|Any CPU.ActiveCfg = Debug|Any CPU
		{6B1FCCAA-066D-4D1B-9502-3A85A3DEC67A}.Debug|Any CPU.Build.0 = Debug|Any CPU
		{6B1FCCAA-066D-4D1B-9502-3A85A3DEC67A}.Debug|x64.ActiveCfg = Debug|Any CPU
		{6B1FCCAA-066D-4D1B-9502-3A85A3DEC67A}.Debug|x64.Build.0 = Debug|Any CPU
		{6B1FCCAA-066D-4D1B-9502-3A85A3DEC67A}.Debug|x86.ActiveCfg = Debug|Any CPU
		{6B1FCCAA-066D-4D1B-9502-3A85A3DEC67A}.Debug|x86.Build.0 = Debug|Any CPU
		{6B1FCCAA-066D-4D1B-9502-3A85A3DEC67A}.Release|Any CPU.ActiveCfg = Release|Any CPU
		{6B1FCCAA-066D-4D1B-9502-3A85A3DEC67A}.Release|Any CPU.Build.0 = Release|Any CPU
		{6B1FCCAA-066D-4D1B-9502-3A85A3DEC67A}.Release|x64.ActiveCfg = Release|Any CPU
		{6B1FCCAA-066D-4D1B-9502-3A85A3DEC67A}.Release|x64.Build.0 = Release|Any CPU
		{6B1FCCAA-066D-4D1B-9502-3A85A3DEC67A}.Release|x86.ActiveCfg = Release|Any CPU
		{6B1FCCAA-066D-4D1B-9502-3A85A3DEC67A}.Release|x86.Build.0 = Release|Any CPU
		{6E948202-CEB4-4CBD-B80A-C94D3C63ED3C}.Debug|Any CPU.ActiveCfg = Debug|Any CPU
		{6E948202-CEB4-4CBD-B80A-C94D3C63ED3C}.Debug|Any CPU.Build.0 = Debug|Any CPU
		{6E948202-CEB4-4CBD-B80A-C94D3C63ED3C}.Debug|x64.ActiveCfg = Debug|Any CPU
		{6E948202-CEB4-4CBD-B80A-C94D3C63ED3C}.Debug|x64.Build.0 = Debug|Any CPU
		{6E948202-CEB4-4CBD-B80A-C94D3C63ED3C}.Debug|x86.ActiveCfg = Debug|Any CPU
		{6E948202-CEB4-4CBD-B80A-C94D3C63ED3C}.Debug|x86.Build.0 = Debug|Any CPU
		{6E948202-CEB4-4CBD-B80A-C94D3C63ED3C}.Release|Any CPU.ActiveCfg = Release|Any CPU
		{6E948202-CEB4-4CBD-B80A-C94D3C63ED3C}.Release|Any CPU.Build.0 = Release|Any CPU
		{6E948202-CEB4-4CBD-B80A-C94D3C63ED3C}.Release|x64.ActiveCfg = Release|Any CPU
		{6E948202-CEB4-4CBD-B80A-C94D3C63ED3C}.Release|x64.Build.0 = Release|Any CPU
		{6E948202-CEB4-4CBD-B80A-C94D3C63ED3C}.Release|x86.ActiveCfg = Release|Any CPU
		{6E948202-CEB4-4CBD-B80A-C94D3C63ED3C}.Release|x86.Build.0 = Release|Any CPU
		{EF094174-8F69-4F46-B2E6-ED934044C649}.Debug|Any CPU.ActiveCfg = Debug|Any CPU
		{EF094174-8F69-4F46-B2E6-ED934044C649}.Debug|Any CPU.Build.0 = Debug|Any CPU
		{EF094174-8F69-4F46-B2E6-ED934044C649}.Debug|x64.ActiveCfg = Debug|Any CPU
		{EF094174-8F69-4F46-B2E6-ED934044C649}.Debug|x64.Build.0 = Debug|Any CPU
		{EF094174-8F69-4F46-B2E6-ED934044C649}.Debug|x86.ActiveCfg = Debug|Any CPU
		{EF094174-8F69-4F46-B2E6-ED934044C649}.Debug|x86.Build.0 = Debug|Any CPU
		{EF094174-8F69-4F46-B2E6-ED934044C649}.Release|Any CPU.ActiveCfg = Release|Any CPU
		{EF094174-8F69-4F46-B2E6-ED934044C649}.Release|Any CPU.Build.0 = Release|Any CPU
		{EF094174-8F69-4F46-B2E6-ED934044C649}.Release|x64.ActiveCfg = Release|Any CPU
		{EF094174-8F69-4F46-B2E6-ED934044C649}.Release|x64.Build.0 = Release|Any CPU
		{EF094174-8F69-4F46-B2E6-ED934044C649}.Release|x86.ActiveCfg = Release|Any CPU
		{EF094174-8F69-4F46-B2E6-ED934044C649}.Release|x86.Build.0 = Release|Any CPU
		{79B1A1C3-0B95-420F-A0E5-1980879D6FDE}.Debug|Any CPU.ActiveCfg = Debug|Any CPU
		{79B1A1C3-0B95-420F-A0E5-1980879D6FDE}.Debug|Any CPU.Build.0 = Debug|Any CPU
		{79B1A1C3-0B95-420F-A0E5-1980879D6FDE}.Debug|x64.ActiveCfg = Debug|Any CPU
		{79B1A1C3-0B95-420F-A0E5-1980879D6FDE}.Debug|x64.Build.0 = Debug|Any CPU
		{79B1A1C3-0B95-420F-A0E5-1980879D6FDE}.Debug|x86.ActiveCfg = Debug|Any CPU
		{79B1A1C3-0B95-420F-A0E5-1980879D6FDE}.Debug|x86.Build.0 = Debug|Any CPU
		{79B1A1C3-0B95-420F-A0E5-1980879D6FDE}.Release|Any CPU.ActiveCfg = Release|Any CPU
		{79B1A1C3-0B95-420F-A0E5-1980879D6FDE}.Release|Any CPU.Build.0 = Release|Any CPU
		{79B1A1C3-0B95-420F-A0E5-1980879D6FDE}.Release|x64.ActiveCfg = Release|Any CPU
		{79B1A1C3-0B95-420F-A0E5-1980879D6FDE}.Release|x64.Build.0 = Release|Any CPU
		{79B1A1C3-0B95-420F-A0E5-1980879D6FDE}.Release|x86.ActiveCfg = Release|Any CPU
		{79B1A1C3-0B95-420F-A0E5-1980879D6FDE}.Release|x86.Build.0 = Release|Any CPU
		{32DE0421-DEFA-448C-B1F1-BBA73900C918}.Debug|Any CPU.ActiveCfg = Debug|Any CPU
		{32DE0421-DEFA-448C-B1F1-BBA73900C918}.Debug|Any CPU.Build.0 = Debug|Any CPU
		{32DE0421-DEFA-448C-B1F1-BBA73900C918}.Debug|x64.ActiveCfg = Debug|Any CPU
		{32DE0421-DEFA-448C-B1F1-BBA73900C918}.Debug|x64.Build.0 = Debug|Any CPU
		{32DE0421-DEFA-448C-B1F1-BBA73900C918}.Debug|x86.ActiveCfg = Debug|Any CPU
		{32DE0421-DEFA-448C-B1F1-BBA73900C918}.Debug|x86.Build.0 = Debug|Any CPU
		{32DE0421-DEFA-448C-B1F1-BBA73900C918}.Release|Any CPU.ActiveCfg = Release|Any CPU
		{32DE0421-DEFA-448C-B1F1-BBA73900C918}.Release|Any CPU.Build.0 = Release|Any CPU
		{32DE0421-DEFA-448C-B1F1-BBA73900C918}.Release|x64.ActiveCfg = Release|Any CPU
		{32DE0421-DEFA-448C-B1F1-BBA73900C918}.Release|x64.Build.0 = Release|Any CPU
		{32DE0421-DEFA-448C-B1F1-BBA73900C918}.Release|x86.ActiveCfg = Release|Any CPU
		{32DE0421-DEFA-448C-B1F1-BBA73900C918}.Release|x86.Build.0 = Release|Any CPU
		{55D807E7-D5C0-4B5C-83DD-976B047A2393}.Debug|Any CPU.ActiveCfg = Debug|Any CPU
		{55D807E7-D5C0-4B5C-83DD-976B047A2393}.Debug|Any CPU.Build.0 = Debug|Any CPU
		{55D807E7-D5C0-4B5C-83DD-976B047A2393}.Debug|x64.ActiveCfg = Debug|Any CPU
		{55D807E7-D5C0-4B5C-83DD-976B047A2393}.Debug|x64.Build.0 = Debug|Any CPU
		{55D807E7-D5C0-4B5C-83DD-976B047A2393}.Debug|x86.ActiveCfg = Debug|Any CPU
		{55D807E7-D5C0-4B5C-83DD-976B047A2393}.Debug|x86.Build.0 = Debug|Any CPU
		{55D807E7-D5C0-4B5C-83DD-976B047A2393}.Release|Any CPU.ActiveCfg = Release|Any CPU
		{55D807E7-D5C0-4B5C-83DD-976B047A2393}.Release|Any CPU.Build.0 = Release|Any CPU
		{55D807E7-D5C0-4B5C-83DD-976B047A2393}.Release|x64.ActiveCfg = Release|Any CPU
		{55D807E7-D5C0-4B5C-83DD-976B047A2393}.Release|x64.Build.0 = Release|Any CPU
		{55D807E7-D5C0-4B5C-83DD-976B047A2393}.Release|x86.ActiveCfg = Release|Any CPU
		{55D807E7-D5C0-4B5C-83DD-976B047A2393}.Release|x86.Build.0 = Release|Any CPU
	EndGlobalSection
	GlobalSection(SolutionProperties) = preSolution
		HideSolutionNode = FALSE
	EndGlobalSection
	GlobalSection(NestedProjects) = preSolution
		{60EB86F6-E46B-2218-627B-D44DE1E05EA5} = {CA253913-39DE-BFD0-C9A3-4B7EC6FBDF17}
		{E895B376-039D-4B7C-8C83-E31A95FB337B} = {60EB86F6-E46B-2218-627B-D44DE1E05EA5}
		{CEAC0979-DAB2-0E19-81EF-22AE32770578} = {CA253913-39DE-BFD0-C9A3-4B7EC6FBDF17}
		{9E5254EA-CC1F-4C29-9630-7F26CCF38569} = {CEAC0979-DAB2-0E19-81EF-22AE32770578}
		{150C8571-268C-AFA0-490A-71894773D74D} = {CA253913-39DE-BFD0-C9A3-4B7EC6FBDF17}
		{A6A207B7-9021-4ABE-899B-DA6C751A864F} = {150C8571-268C-AFA0-490A-71894773D74D}
		{4A5334AD-EAA5-43AF-8775-F7ACE713DF1D} = {60EB86F6-E46B-2218-627B-D44DE1E05EA5}
		{9DD81766-7FC1-409E-9940-3ADED6019380} = {60EB86F6-E46B-2218-627B-D44DE1E05EA5}
		{7A9E38BB-5673-4771-900A-19E0D532856A} = {CEAC0979-DAB2-0E19-81EF-22AE32770578}
		{6B1FCCAA-066D-4D1B-9502-3A85A3DEC67A} = {CEAC0979-DAB2-0E19-81EF-22AE32770578}
		{6E948202-CEB4-4CBD-B80A-C94D3C63ED3C} = {150C8571-268C-AFA0-490A-71894773D74D}
		{EF094174-8F69-4F46-B2E6-ED934044C649} = {150C8571-268C-AFA0-490A-71894773D74D}
		{6C5CAEB8-3E02-A149-83A7-447BE62A3176} = {CA253913-39DE-BFD0-C9A3-4B7EC6FBDF17}
		{79B1A1C3-0B95-420F-A0E5-1980879D6FDE} = {6C5CAEB8-3E02-A149-83A7-447BE62A3176}
		{32DE0421-DEFA-448C-B1F1-BBA73900C918} = {6C5CAEB8-3E02-A149-83A7-447BE62A3176}
	EndGlobalSection
EndGlobal
